
Microsoft Visual Studio Solution File, Format Version 12.00
# Visual Studio 15
VisualStudioVersion = 15.0.28010.2050
MinimumVisualStudioVersion = 10.0.40219.1
Project("{FAE04EC0-301F-11D3-BF4B-00C04F79EFBC}") = "Book", "Book\Book.csproj", "{A714E4BA-070B-4B9A-B7A9-05DC24BEC222}"
EndProject
Global
	GlobalSection(SolutionConfigurationPlatforms) = preSolution
		Debug|Any CPU = Debug|Any CPU
		Release|Any CPU = Release|Any CPU
	EndGlobalSection
	GlobalSection(ProjectConfigurationPlatforms) = postSolution
		{A714E4BA-070B-4B9A-B7A9-05DC24BEC222}.Debug|Any CPU.ActiveCfg = Debug|Any CPU
		{A714E4BA-070B-4B9A-B7A9-05DC24BEC222}.Debug|Any CPU.Build.0 = Debug|Any CPU
		{A714E4BA-070B-4B9A-B7A9-05DC24BEC222}.Release|Any CPU.ActiveCfg = Release|Any CPU
		{A714E4BA-070B-4B9A-B7A9-05DC24BEC222}.Release|Any CPU.Build.0 = Release|Any CPU
	EndGlobalSection
	GlobalSection(SolutionProperties) = preSolution
		HideSolutionNode = FALSE
	EndGlobalSection
	GlobalSection(ExtensibilityGlobals) = postSolution
		SolutionGuid = {3387CD48-B18F-41B6-8AB5-F80F4498B866}
	EndGlobalSection
EndGlobal
